
Microsoft Visual Studio Solution File, Format Version 12.00
# Visual Studio Version 16
VisualStudioVersion = 16.0.30907.101
MinimumVisualStudioVersion = 10.0.40219.1
Project("{FAE04EC0-301F-11D3-BF4B-00C04F79EFBC}") = "DigitalPhotoDiary", "DigitalPhotoDiary\DigitalPhotoDiary.csproj", "{D2E55406-F6D3-49AF-A461-97D55A014ACC}"
EndProject
Global
	GlobalSection(SolutionConfigurationPlatforms) = preSolution
		Debug|Any CPU = Debug|Any CPU
		Release|Any CPU = Release|Any CPU
	EndGlobalSection
	GlobalSection(ProjectConfigurationPlatforms) = postSolution
		{D2E55406-F6D3-49AF-A461-97D55A014ACC}.Debug|Any CPU.ActiveCfg = Debug|Any CPU
		{D2E55406-F6D3-49AF-A461-97D55A014ACC}.Debug|Any CPU.Build.0 = Debug|Any CPU
		{D2E55406-F6D3-49AF-A461-97D55A014ACC}.Release|Any CPU.ActiveCfg = Release|Any CPU
		{D2E55406-F6D3-49AF-A461-97D55A014ACC}.Release|Any CPU.Build.0 = Release|Any CPU
	EndGlobalSection
	GlobalSection(SolutionProperties) = preSolution
		HideSolutionNode = FALSE
	EndGlobalSection
	GlobalSection(ExtensibilityGlobals) = postSolution
		SolutionGuid = {5ED34D23-C133-4496-AE79-B5CB75A285A8}
	EndGlobalSection
EndGlobal
